<Solution>
  <Folder Name="/src/">
    <Project Path="src/Dinder.Api/Dinder.Api.csproj" />
    <Project Path="src/Dinder.Application/Dinder.Application.csproj" />
    <Project Path="src/Dinder.Contracts/Dinder.Contracts.csproj" />
    <Project Path="src/Dinder.Domain/Dinder.Domain.csproj" />
    <Project Path="src/Dinder.Infrastructure/Dinder.Infrastructure.csproj" />
  </Folder>
  <Folder Name="/tests/">
    <Project Path="tests/Dinder.UnitTests/Dinder.UnitTests.csproj" />
  </Folder>
</Solution>
